// !$*UTF8*$!
{
	archiveVersion = 1;
	classes = {
	};
	objectVersion = 46;
	objects = {

/* Begin PBXBuildFile section */
		697193071E04A86900740B20 /* AppDelegate.swift in Sources */ = {isa = PBXBuildFile; fileRef = 697193061E04A86900740B20 /* AppDelegate.swift */; };
		697193091E04A86900740B20 /* FriendsController.swift in Sources */ = {isa = PBXBuildFile; fileRef = 697193081E04A86900740B20 /* FriendsController.swift */; };
		6971930F1E04A86900740B20 /* Messager.xcdatamodeld in Sources */ = {isa = PBXBuildFile; fileRef = 6971930D1E04A86900740B20 /* Messager.xcdatamodeld */; };
		697193111E04A86900740B20 /* Assets.xcassets in Resources */ = {isa = PBXBuildFile; fileRef = 697193101E04A86900740B20 /* Assets.xcassets */; };
		697193141E04A86900740B20 /* LaunchScreen.storyboard in Resources */ = {isa = PBXBuildFile; fileRef = 697193121E04A86900740B20 /* LaunchScreen.storyboard */; };
		6971931E1E04AB2300740B20 /* FriendCell.swift in Sources */ = {isa = PBXBuildFile; fileRef = 6971931D1E04AB2300740B20 /* FriendCell.swift */; };
		697193201E04AC0800740B20 /* BaseCell.swift in Sources */ = {isa = PBXBuildFile; fileRef = 6971931F1E04AC0800740B20 /* BaseCell.swift */; };
		697193231E06551700740B20 /* Message.swift in Sources */ = {isa = PBXBuildFile; fileRef = 697193221E06551700740B20 /* Message.swift */; };
		697193251E06554C00740B20 /* Friend.swift in Sources */ = {isa = PBXBuildFile; fileRef = 697193241E06554C00740B20 /* Friend.swift */; };
		697193371E0664F900740B20 /* FriendControllerExtension.swift in Sources */ = {isa = PBXBuildFile; fileRef = 697193361E0664F900740B20 /* FriendControllerExtension.swift */; };
		69AF92BD1E07E8E7006BE3DE /* ChatLogController.swift in Sources */ = {isa = PBXBuildFile; fileRef = 69AF92BC1E07E8E7006BE3DE /* ChatLogController.swift */; };
		69AF92BF1E07EAE7006BE3DE /* ChatMessageCell.swift in Sources */ = {isa = PBXBuildFile; fileRef = 69AF92BE1E07EAE7006BE3DE /* ChatMessageCell.swift */; };
/* End PBXBuildFile section */

/* Begin PBXFileReference section */
		697193031E04A86900740B20 /* Messager.app */ = {isa = PBXFileReference; explicitFileType = wrapper.application; includeInIndex = 0; path = Messager.app; sourceTree = BUILT_PRODUCTS_DIR; };
		697193061E04A86900740B20 /* AppDelegate.swift */ = {isa = PBXFileReference; lastKnownFileType = sourcecode.swift; path = AppDelegate.swift; sourceTree = "<group>"; };
		697193081E04A86900740B20 /* FriendsController.swift */ = {isa = PBXFileReference; lastKnownFileType = sourcecode.swift; path = FriendsController.swift; sourceTree = "<group>"; };
		6971930E1E04A86900740B20 /* Messager.xcdatamodel */ = {isa = PBXFileReference; lastKnownFileType = wrapper.xcdatamodel; path = Messager.xcdatamodel; sourceTree = "<group>"; };
		697193101E04A86900740B20 /* Assets.xcassets */ = {isa = PBXFileReference; lastKnownFileType = folder.assetcatalog; path = Assets.xcassets; sourceTree = "<group>"; };
		697193131E04A86900740B20 /* Base */ = {isa = PBXFileReference; lastKnownFileType = file.storyboard; name = Base; path = Base.lproj/LaunchScreen.storyboard; sourceTree = "<group>"; };
		697193151E04A86900740B20 /* Info.plist */ = {isa = PBXFileReference; lastKnownFileType = text.plist.xml; path = Info.plist; sourceTree = "<group>"; };
		6971931D1E04AB2300740B20 /* FriendCell.swift */ = {isa = PBXFileReference; fileEncoding = 4; lastKnownFileType = sourcecode.swift; path = FriendCell.swift; sourceTree = "<group>"; };
		6971931F1E04AC0800740B20 /* BaseCell.swift */ = {isa = PBXFileReference; fileEncoding = 4; lastKnownFileType = sourcecode.swift; path = BaseCell.swift; sourceTree = "<group>"; };
		697193221E06551700740B20 /* Message.swift */ = {isa = PBXFileReference; fileEncoding = 4; lastKnownFileType = sourcecode.swift; path = Message.swift; sourceTree = "<group>"; };
		697193241E06554C00740B20 /* Friend.swift */ = {isa = PBXFileReference; fileEncoding = 4; lastKnownFileType = sourcecode.swift; path = Friend.swift; sourceTree = "<group>"; };
		697193361E0664F900740B20 /* FriendControllerExtension.swift */ = {isa = PBXFileReference; fileEncoding = 4; lastKnownFileType = sourcecode.swift; path = FriendControllerExtension.swift; sourceTree = "<group>"; };
		69AF92BC1E07E8E7006BE3DE /* ChatLogController.swift */ = {isa = PBXFileReference; fileEncoding = 4; lastKnownFileType = sourcecode.swift; path = ChatLogController.swift; sourceTree = "<group>"; };
		69AF92BE1E07EAE7006BE3DE /* ChatMessageCell.swift */ = {isa = PBXFileReference; fileEncoding = 4; lastKnownFileType = sourcecode.swift; path = ChatMessageCell.swift; sourceTree = "<group>"; };
/* End PBXFileReference section */

/* Begin PBXFrameworksBuildPhase section */
		697193001E04A86900740B20 /* Frameworks */ = {
			isa = PBXFrameworksBuildPhase;
			buildActionMask = 2147483647;
			files = (
			);
			runOnlyForDeploymentPostprocessing = 0;
		};
/* End PBXFrameworksBuildPhase section */

/* Begin PBXGroup section */
		697192FA1E04A86900740B20 = {
			isa = PBXGroup;
			children = (
				697193051E04A86900740B20 /* Messager */,
				697193041E04A86900740B20 /* Products */,
			);
			sourceTree = "<group>";
		};
		697193041E04A86900740B20 /* Products */ = {
			isa = PBXGroup;
			children = (
				697193031E04A86900740B20 /* Messager.app */,
			);
			name = Products;
			sourceTree = "<group>";
		};
		697193051E04A86900740B20 /* Messager */ = {
			isa = PBXGroup;
			children = (
				697193211E06550A00740B20 /* Model */,
				6971931C1E04AAFD00740B20 /* Controller */,
				6971931B1E04AAF500740B20 /* View */,
				697193061E04A86900740B20 /* AppDelegate.swift */,
				697193101E04A86900740B20 /* Assets.xcassets */,
				697193121E04A86900740B20 /* LaunchScreen.storyboard */,
				697193151E04A86900740B20 /* Info.plist */,
				6971930D1E04A86900740B20 /* Messager.xcdatamodeld */,
			);
			path = Messager;
			sourceTree = "<group>";
		};
		6971931B1E04AAF500740B20 /* View */ = {
			isa = PBXGroup;
			children = (
				6971931D1E04AB2300740B20 /* FriendCell.swift */,
				6971931F1E04AC0800740B20 /* BaseCell.swift */,
				69AF92BE1E07EAE7006BE3DE /* ChatMessageCell.swift */,
			);
			name = View;
			sourceTree = "<group>";
		};
		6971931C1E04AAFD00740B20 /* Controller */ = {
			isa = PBXGroup;
			children = (
				697193081E04A86900740B20 /* FriendsController.swift */,
				697193361E0664F900740B20 /* FriendControllerExtension.swift */,
				69AF92BC1E07E8E7006BE3DE /* ChatLogController.swift */,
			);
			name = Controller;
			sourceTree = "<group>";
		};
		697193211E06550A00740B20 /* Model */ = {
			isa = PBXGroup;
			children = (
				697193221E06551700740B20 /* Message.swift */,
				697193241E06554C00740B20 /* Friend.swift */,
			);
			name = Model;
			sourceTree = "<group>";
		};
/* End PBXGroup section */

/* Begin PBXNativeTarget section */
		697193021E04A86900740B20 /* Messager */ = {
			isa = PBXNativeTarget;
			buildConfigurationList = 697193181E04A86900740B20 /* Build configuration list for PBXNativeTarget "Messager" */;
			buildPhases = (
				697192FF1E04A86900740B20 /* Sources */,
				697193001E04A86900740B20 /* Frameworks */,
				697193011E04A86900740B20 /* Resources */,
			);
			buildRules = (
			);
			dependencies = (
			);
			name = Messager;
			productName = Messager;
			productReference = 697193031E04A86900740B20 /* Messager.app */;
			productType = "com.apple.product-type.application";
		};
/* End PBXNativeTarget section */

/* Begin PBXProject section */
		697192FB1E04A86900740B20 /* Project object */ = {
			isa = PBXProject;
			attributes = {
				LastSwiftUpdateCheck = 0810;
				LastUpgradeCheck = 0810;
				ORGANIZATIONNAME = Jay;
				TargetAttributes = {
					697193021E04A86900740B20 = {
						CreatedOnToolsVersion = 8.1;
						DevelopmentTeam = L8TP25NHU4;
						ProvisioningStyle = Automatic;
					};
				};
			};
			buildConfigurationList = 697192FE1E04A86900740B20 /* Build configuration list for PBXProject "Messager" */;
			compatibilityVersion = "Xcode 3.2";
			developmentRegion = English;
			hasScannedForEncodings = 0;
			knownRegions = (
				en,
				Base,
			);
			mainGroup = 697192FA1E04A86900740B20;
			productRefGroup = 697193041E04A86900740B20 /* Products */;
			projectDirPath = "";
			projectRoot = "";
			targets = (
				697193021E04A86900740B20 /* Messager */,
			);
		};
/* End PBXProject section */

/* Begin PBXResourcesBuildPhase section */
		697193011E04A86900740B20 /* Resources */ = {
			isa = PBXResourcesBuildPhase;
			buildActionMask = 2147483647;
			files = (
				697193141E04A86900740B20 /* LaunchScreen.storyboard in Resources */,
				697193111E04A86900740B20 /* Assets.xcassets in Resources */,
			);
			runOnlyForDeploymentPostprocessing = 0;
		};
/* End PBXResourcesBuildPhase section */

/* Begin PBXSourcesBuildPhase section */
		697192FF1E04A86900740B20 /* Sources */ = {
			isa = PBXSourcesBuildPhase;
			buildActionMask = 2147483647;
			files = (
				69AF92BD1E07E8E7006BE3DE /* ChatLogController.swift in Sources */,
				69AF92BF1E07EAE7006BE3DE /* ChatMessageCell.swift in Sources */,
				697193091E04A86900740B20 /* FriendsController.swift in Sources */,
				697193251E06554C00740B20 /* Friend.swift in Sources */,
				697193071E04A86900740B20 /* AppDelegate.swift in Sources */,
				697193371E0664F900740B20 /* FriendControllerExtension.swift in Sources */,
				6971930F1E04A86900740B20 /* Messager.xcdatamodeld in Sources */,
				697193231E06551700740B20 /* Message.swift in Sources */,
				697193201E04AC0800740B20 /* BaseCell.swift in Sources */,
				6971931E1E04AB2300740B20 /* FriendCell.swift in Sources */,
			);
			runOnlyForDeploymentPostprocessing = 0;
		};
/* End PBXSourcesBuildPhase section */

/* Begin PBXVariantGroup section */
		697193121E04A86900740B20 /* LaunchScreen.storyboard */ = {
			isa = PBXVariantGroup;
			children = (
				697193131E04A86900740B20 /* Base */,
			);
			name = LaunchScreen.storyboard;
			sourceTree = "<group>";
		};
/* End PBXVariantGroup section */

/* Begin XCBuildConfiguration section */
		697193161E04A86900740B20 /* Debug */ = {
			isa = XCBuildConfiguration;
			buildSettings = {
				ALWAYS_SEARCH_USER_PATHS = NO;
				CLANG_ANALYZER_NONNULL = YES;
				CLANG_CXX_LANGUAGE_STANDARD = "gnu++0x";
				CLANG_CXX_LIBRARY = "libc++";
				CLANG_ENABLE_MODULES = YES;
				CLANG_ENABLE_OBJC_ARC = YES;
				CLANG_WARN_BOOL_CONVERSION = YES;
				CLANG_WARN_CONSTANT_CONVERSION = YES;
				CLANG_WARN_DIRECT_OBJC_ISA_USAGE = YES_ERROR;
				CLANG_WARN_DOCUMENTATION_COMMENTS = YES;
				CLANG_WARN_EMPTY_BODY = YES;
				CLANG_WARN_ENUM_CONVERSION = YES;
				CLANG_WARN_INFINITE_RECURSION = YES;
				CLANG_WARN_INT_CONVERSION = YES;
				CLANG_WARN_OBJC_ROOT_CLASS = YES_ERROR;
				CLANG_WARN_SUSPICIOUS_MOVES = YES;
				CLANG_WARN_UNREACHABLE_CODE = YES;
				CLANG_WARN__DUPLICATE_METHOD_MATCH = YES;
				"CODE_SIGN_IDENTITY[sdk=iphoneos*]" = "iPhone Developer";
				COPY_PHASE_STRIP = NO;
				DEBUG_INFORMATION_FORMAT = dwarf;
				ENABLE_STRICT_OBJC_MSGSEND = YES;
				ENABLE_TESTABILITY = YES;
				GCC_C_LANGUAGE_STANDARD = gnu99;
				GCC_DYNAMIC_NO_PIC = NO;
				GCC_NO_COMMON_BLOCKS = YES;
				GCC_OPTIMIZATION_LEVEL = 0;
				GCC_PREPROCESSOR_DEFINITIONS = (
					"DEBUG=1",
					"$(inherited)",
				);
				GCC_WARN_64_TO_32_BIT_CONVERSION = YES;
				GCC_WARN_ABOUT_RETURN_TYPE = YES_ERROR;
				GCC_WARN_UNDECLARED_SELECTOR = YES;
				GCC_WARN_UNINITIALIZED_AUTOS = YES_AGGRESSIVE;
				GCC_WARN_UNUSED_FUNCTION = YES;
				GCC_WARN_UNUSED_VARIABLE = YES;
				IPHONEOS_DEPLOYMENT_TARGET = 10.1;
				MTL_ENABLE_DEBUG_INFO = YES;
				ONLY_ACTIVE_ARCH = YES;
				SDKROOT = iphoneos;
				SWIFT_ACTIVE_COMPILATION_CONDITIONS = DEBUG;
				SWIFT_OPTIMIZATION_LEVEL = "-Onone";
				TARGETED_DEVICE_FAMILY = "1,2";
			};
			name = Debug;
		};
		697193171E04A86900740B20 /* Release */ = {
			isa = XCBuildConfiguration;
			buildSettings = {
				ALWAYS_SEARCH_USER_PATHS = NO;
				CLANG_ANALYZER_NONNULL = YES;
				CLANG_CXX_LANGUAGE_STANDARD = "gnu++0x";
				CLANG_CXX_LIBRARY = "libc++";
				CLANG_ENABLE_MODULES = YES;
				CLANG_ENABLE_OBJC_ARC = YES;
				CLANG_WARN_BOOL_CONVERSION = YES;
				CLANG_WARN_CONSTANT_CONVERSION = YES;
				CLANG_WARN_DIRECT_OBJC_ISA_USAGE = YES_ERROR;
				CLANG_WARN_DOCUMENTATION_COMMENTS = YES;
				CLANG_WARN_EMPTY_BODY = YES;
				CLANG_WARN_ENUM_CONVERSION = YES;
				CLANG_WARN_INFINITE_RECURSION = YES;
				CLANG_WARN_INT_CONVERSION = YES;
				CLANG_WARN_OBJC_ROOT_CLASS = YES_ERROR;
				CLANG_WARN_SUSPICIOUS_MOVES = YES;
				CLANG_WARN_UNREACHABLE_CODE = YES;
				CLANG_WARN__DUPLICATE_METHOD_MATCH = YES;
				"CODE_SIGN_IDENTITY[sdk=iphoneos*]" = "iPhone Developer";
				COPY_PHASE_STRIP = NO;
				DEBUG_INFORMATION_FORMAT = "dwarf-with-dsym";
				ENABLE_NS_ASSERTIONS = NO;
				ENABLE_STRICT_OBJC_MSGSEND = YES;
				GCC_C_LANGUAGE_STANDARD = gnu99;
				GCC_NO_COMMON_BLOCKS = YES;
				GCC_WARN_64_TO_32_BIT_CONVERSION = YES;
				GCC_WARN_ABOUT_RETURN_TYPE = YES_ERROR;
				GCC_WARN_UNDECLARED_SELECTOR = YES;
				GCC_WARN_UNINITIALIZED_AUTOS = YES_AGGRESSIVE;
				GCC_WARN_UNUSED_FUNCTION = YES;
				GCC_WARN_UNUSED_VARIABLE = YES;
				IPHONEOS_DEPLOYMENT_TARGET = 10.1;
				MTL_ENABLE_DEBUG_INFO = NO;
				SDKROOT = iphoneos;
				SWIFT_OPTIMIZATION_LEVEL = "-Owholemodule";
				TARGETED_DEVICE_FAMILY = "1,2";
				VALIDATE_PRODUCT = YES;
			};
			name = Release;
		};
		697193191E04A86900740B20 /* Debug */ = {
			isa = XCBuildConfiguration;
			buildSettings = {
				ASSETCATALOG_COMPILER_APPICON_NAME = AppIcon;
				DEVELOPMENT_TEAM = L8TP25NHU4;
				INFOPLIST_FILE = Messager/Info.plist;
				LD_RUNPATH_SEARCH_PATHS = "$(inherited) @executable_path/Frameworks";
				PRODUCT_BUNDLE_IDENTIFIER = UniMelb.734057.Messager;
				PRODUCT_NAME = "$(TARGET_NAME)";
				SWIFT_VERSION = 3.0;
			};
			name = Debug;
		};
		6971931A1E04A86900740B20 /* Release */ = {
			isa = XCBuildConfiguration;
			buildSettings = {
				ASSETCATALOG_COMPILER_APPICON_NAME = AppIcon;
				DEVELOPMENT_TEAM = L8TP25NHU4;
				INFOPLIST_FILE = Messager/Info.plist;
				LD_RUNPATH_SEARCH_PATHS = "$(inherited) @executable_path/Frameworks";
				PRODUCT_BUNDLE_IDENTIFIER = UniMelb.734057.Messager;
				PRODUCT_NAME = "$(TARGET_NAME)";
				SWIFT_VERSION = 3.0;
			};
			name = Release;
		};
/* End XCBuildConfiguration section */

/* Begin XCConfigurationList section */
		697192FE1E04A86900740B20 /* Build configuration list for PBXProject "Messager" */ = {
			isa = XCConfigurationList;
			buildConfigurations = (
				697193161E04A86900740B20 /* Debug */,
				697193171E04A86900740B20 /* Release */,
			);
			defaultConfigurationIsVisible = 0;
			defaultConfigurationName = Release;
		};
		697193181E04A86900740B20 /* Build configuration list for PBXNativeTarget "Messager" */ = {
			isa = XCConfigurationList;
			buildConfigurations = (
				697193191E04A86900740B20 /* Debug */,
				6971931A1E04A86900740B20 /* Release */,
			);
			defaultConfigurationIsVisible = 0;
			defaultConfigurationName = Release;
		};
/* End XCConfigurationList section */

/* Begin XCVersionGroup section */
		6971930D1E04A86900740B20 /* Messager.xcdatamodeld */ = {
			isa = XCVersionGroup;
			children = (
				6971930E1E04A86900740B20 /* Messager.xcdatamodel */,
			);
			currentVersion = 6971930E1E04A86900740B20 /* Messager.xcdatamodel */;
			path = Messager.xcdatamodeld;
			sourceTree = "<group>";
			versionGroupType = wrapper.xcdatamodel;
		};
/* End XCVersionGroup section */
	};
	rootObject = 697192FB1E04A86900740B20 /* Project object */;
}
